
Microsoft Visual Studio Solution File, Format Version 12.00
# Visual Studio 2013
VisualStudioVersion = 12.0.30501.0
MinimumVisualStudioVersion = 10.0.40219.1
Project("{2150E333-8FDC-42A3-9474-1A3956D46DE8}") = "Solution Items", "Solution Items", "{6BEF8EF0-3BC6-480F-A16A-68963795B843}"
	ProjectSection(SolutionItems) = preProject
		COPYING.txt = COPYING.txt
		Dependencies.txt = Dependencies.txt
		Readme.md = Readme.md
	EndProjectSection
EndProject
Project("{FAE04EC0-301F-11D3-BF4B-00C04F79EFBC}") = "Database", "Src\Database\Database.csproj", "{5C149F32-E2DC-46CB-9CB4-FCB1DB2881B4}"
EndProject
Project("{FAE04EC0-301F-11D3-BF4B-00C04F79EFBC}") = "DatabaseTest", "Test\DatabaseTest\DatabaseTest.csproj", "{A2AE0267-5CAC-4763-90E9-3413918697B9}"
EndProject
Project("{FAE04EC0-301F-11D3-BF4B-00C04F79EFBC}") = "DatabasePoSHSnapIn", "Src\DatabasePoSHSnapIn\DatabasePoSHSnapIn.csproj", "{6768B4E8-18AC-4689-B827-639CDAC1D6B2}"
EndProject
Project("{FAE04EC0-301F-11D3-BF4B-00C04F79EFBC}") = "DatabasePoSHSnapInTest", "Test\DatabasePoSHSnapInTest\DatabasePoSHSnapInTest.csproj", "{2A25B360-79FF-4D24-906B-570EA70953FD}"
EndProject
Global
	GlobalSection(SolutionConfigurationPlatforms) = preSolution
		Debug|Any CPU = Debug|Any CPU
		Release|Any CPU = Release|Any CPU
	EndGlobalSection
	GlobalSection(ProjectConfigurationPlatforms) = postSolution
		{5C149F32-E2DC-46CB-9CB4-FCB1DB2881B4}.Debug|Any CPU.ActiveCfg = Debug|Any CPU
		{5C149F32-E2DC-46CB-9CB4-FCB1DB2881B4}.Debug|Any CPU.Build.0 = Debug|Any CPU
		{5C149F32-E2DC-46CB-9CB4-FCB1DB2881B4}.Release|Any CPU.ActiveCfg = Release|Any CPU
		{5C149F32-E2DC-46CB-9CB4-FCB1DB2881B4}.Release|Any CPU.Build.0 = Release|Any CPU
		{A2AE0267-5CAC-4763-90E9-3413918697B9}.Debug|Any CPU.ActiveCfg = Debug|Any CPU
		{A2AE0267-5CAC-4763-90E9-3413918697B9}.Debug|Any CPU.Build.0 = Debug|Any CPU
		{A2AE0267-5CAC-4763-90E9-3413918697B9}.Release|Any CPU.ActiveCfg = Release|Any CPU
		{A2AE0267-5CAC-4763-90E9-3413918697B9}.Release|Any CPU.Build.0 = Release|Any CPU
		{6768B4E8-18AC-4689-B827-639CDAC1D6B2}.Debug|Any CPU.ActiveCfg = Debug|Any CPU
		{6768B4E8-18AC-4689-B827-639CDAC1D6B2}.Debug|Any CPU.Build.0 = Debug|Any CPU
		{6768B4E8-18AC-4689-B827-639CDAC1D6B2}.Release|Any CPU.ActiveCfg = Release|Any CPU
		{6768B4E8-18AC-4689-B827-639CDAC1D6B2}.Release|Any CPU.Build.0 = Release|Any CPU
		{2A25B360-79FF-4D24-906B-570EA70953FD}.Debug|Any CPU.ActiveCfg = Debug|Any CPU
		{2A25B360-79FF-4D24-906B-570EA70953FD}.Debug|Any CPU.Build.0 = Debug|Any CPU
		{2A25B360-79FF-4D24-906B-570EA70953FD}.Release|Any CPU.ActiveCfg = Release|Any CPU
		{2A25B360-79FF-4D24-906B-570EA70953FD}.Release|Any CPU.Build.0 = Release|Any CPU
	EndGlobalSection
	GlobalSection(SolutionProperties) = preSolution
		HideSolutionNode = FALSE
	EndGlobalSection
EndGlobal
